{
  "nodes": {
    "nixpkgs": {
      "locked": {
        "lastModified": 1668583734,
        "narHash": "sha256-aGvT2FOTmLKerUWuyNP6Rozhwb4HAECd9+DC2x/t79E=",
        "owner": "NixOS",
        "repo": "nixpkgs",
        "rev": "07334444c2bef64cb0021d9f096e8d0f5ea9d053",
        "type": "github"
      },
      "original": {
        "owner": "NixOS",
        "repo": "nixpkgs",
        "type": "github"
      }
    },
    "root": {
      "inputs": {
        "nixpkgs": "nixpkgs",
        "utils": "utils"
      }
    },
    "utils": {
      "locked": {
        "lastModified": 1623875721,
        "narHash": "sha256-A8BU7bjS5GirpAUv4QA+QnJ4CceLHkcXdRp4xITDB0s=",
        "owner": "numtide",
        "repo": "flake-utils",
        "rev": "f7e004a55b120c02ecb6219596820fcd32ca8772",
        "type": "github"
      },
      "original": {
        "owner": "numtide",
        "repo": "flake-utils",
        "type": "github"
      }
    }
  },
  "root": "root",
  "version": 7
}
